
Microsoft Visual Studio Solution File, Format Version 12.00
# Visual Studio Version 17
VisualStudioVersion = 17.0.31903.59
MinimumVisualStudioVersion = 10.0.40219.1
Project("{FAE04EC0-301F-11D3-BF4B-00C04F79EFBC}") = "LibrarySystem.Domain", "LibrarySystem.Domain\LibrarySystem.Domain.csproj", "{337BBD73-5BDA-4F67-AA3F-59EBEE2F7432}"
EndProject
Project("{FAE04EC0-301F-11D3-BF4B-00C04F79EFBC}") = "LibrarySystem.Infrastructure", "LibrarySystem.Infrastructure\LibrarySystem.Infrastructure.csproj", "{0DA77B42-A0AB-43E4-9549-2E9B095FC561}"
EndProject
Project("{FAE04EC0-301F-11D3-BF4B-00C04F79EFBC}") = "LibrarySystem.Application", "LibrarySystem.Application\LibrarySystem.Application.csproj", "{04AB85C8-3E10-4D7B-809D-9DD4BF17500A}"
EndProject
Project("{FAE04EC0-301F-11D3-BF4B-00C04F79EFBC}") = "LibrarySystem.Presentation", "LibrarySystem.Presentation\LibrarySystem.Presentation.csproj", "{DCA25465-8327-4DCC-A3D0-7D5B1640B208}"
EndProject
Project("{FAE04EC0-301F-11D3-BF4B-00C04F79EFBC}") = "LibrarySystem.Tests", "LibrarySystem.Tests\LibrarySystem.Tests.csproj", "{90C308D9-048A-4E6C-ABE1-DD5C933514AB}"
EndProject
Global
	GlobalSection(SolutionConfigurationPlatforms) = preSolution
		Debug|Any CPU = Debug|Any CPU
		Release|Any CPU = Release|Any CPU
	EndGlobalSection
	GlobalSection(ProjectConfigurationPlatforms) = postSolution
		{337BBD73-5BDA-4F67-AA3F-59EBEE2F7432}.Debug|Any CPU.ActiveCfg = Debug|Any CPU
		{337BBD73-5BDA-4F67-AA3F-59EBEE2F7432}.Debug|Any CPU.Build.0 = Debug|Any CPU
		{337BBD73-5BDA-4F67-AA3F-59EBEE2F7432}.Release|Any CPU.ActiveCfg = Release|Any CPU
		{337BBD73-5BDA-4F67-AA3F-59EBEE2F7432}.Release|Any CPU.Build.0 = Release|Any CPU
		{0DA77B42-A0AB-43E4-9549-2E9B095FC561}.Debug|Any CPU.ActiveCfg = Debug|Any CPU
		{0DA77B42-A0AB-43E4-9549-2E9B095FC561}.Debug|Any CPU.Build.0 = Debug|Any CPU
		{0DA77B42-A0AB-43E4-9549-2E9B095FC561}.Release|Any CPU.ActiveCfg = Release|Any CPU
		{0DA77B42-A0AB-43E4-9549-2E9B095FC561}.Release|Any CPU.Build.0 = Release|Any CPU
		{04AB85C8-3E10-4D7B-809D-9DD4BF17500A}.Debug|Any CPU.ActiveCfg = Debug|Any CPU
		{04AB85C8-3E10-4D7B-809D-9DD4BF17500A}.Debug|Any CPU.Build.0 = Debug|Any CPU
		{04AB85C8-3E10-4D7B-809D-9DD4BF17500A}.Release|Any CPU.ActiveCfg = Release|Any CPU
		{04AB85C8-3E10-4D7B-809D-9DD4BF17500A}.Release|Any CPU.Build.0 = Release|Any CPU
		{DCA25465-8327-4DCC-A3D0-7D5B1640B208}.Debug|Any CPU.ActiveCfg = Debug|Any CPU
		{DCA25465-8327-4DCC-A3D0-7D5B1640B208}.Debug|Any CPU.Build.0 = Debug|Any CPU
		{DCA25465-8327-4DCC-A3D0-7D5B1640B208}.Release|Any CPU.ActiveCfg = Release|Any CPU
		{DCA25465-8327-4DCC-A3D0-7D5B1640B208}.Release|Any CPU.Build.0 = Release|Any CPU
		{90C308D9-048A-4E6C-ABE1-DD5C933514AB}.Debug|Any CPU.ActiveCfg = Debug|Any CPU
		{90C308D9-048A-4E6C-ABE1-DD5C933514AB}.Debug|Any CPU.Build.0 = Debug|Any CPU
		{90C308D9-048A-4E6C-ABE1-DD5C933514AB}.Release|Any CPU.ActiveCfg = Release|Any CPU
		{90C308D9-048A-4E6C-ABE1-DD5C933514AB}.Release|Any CPU.Build.0 = Release|Any CPU
	EndGlobalSection
	GlobalSection(SolutionProperties) = preSolution
		HideSolutionNode = FALSE
	EndGlobalSection
EndGlobal
