
Microsoft Visual Studio Solution File, Format Version 12.00
# Visual Studio Version 17
VisualStudioVersion = 17.0.31903.59
MinimumVisualStudioVersion = 10.0.40219.1
Project("{FAE04EC0-301F-11D3-BF4B-00C04F79EFBC}") = "LibrarySystem.Presentation", "LibrarySystem.Presentation\LibrarySystem.Presentation.csproj", "{A3758AAA-016D-4AE7-A78D-A7A78A888A1E}"
EndProject
Project("{FAE04EC0-301F-11D3-BF4B-00C04F79EFBC}") = "LibrarySystem.Infrastructure", "LibrarySystem.Infrastructure\LibrarySystem.Infrastructure.csproj", "{8B6321A7-AD65-457A-86E4-D408275C908E}"
EndProject
Project("{FAE04EC0-301F-11D3-BF4B-00C04F79EFBC}") = "LibrarySystem.Application", "LibrarySystem.Application\LibrarySystem.Application.csproj", "{078AADC1-1E04-4108-A6E5-448E94CAAB09}"
EndProject
Project("{FAE04EC0-301F-11D3-BF4B-00C04F79EFBC}") = "LibrarySystem.Domain", "LibrarySystem.Domain\LibrarySystem.Domain.csproj", "{474A4111-572F-4A19-9775-05DB9CEC7B50}"
EndProject
Project("{FAE04EC0-301F-11D3-BF4B-00C04F79EFBC}") = "LibrarySystem.EmailService", "LibrarySystem.EmailService\LibrarySystem.EmailService.csproj", "{1CA95912-8729-4241-9514-F1765F106B7E}"
EndProject
Project("{FAE04EC0-301F-11D3-BF4B-00C04F79EFBC}") = "LibrarySystem.Tests", "LibrarySystem.Tests\LibrarySystem.Tests.csproj", "{B7632818-D334-4256-B6B7-657CF980AE3D}"
EndProject
Global
	GlobalSection(SolutionConfigurationPlatforms) = preSolution
		Debug|Any CPU = Debug|Any CPU
		Release|Any CPU = Release|Any CPU
	EndGlobalSection
	GlobalSection(ProjectConfigurationPlatforms) = postSolution
		{A3758AAA-016D-4AE7-A78D-A7A78A888A1E}.Debug|Any CPU.ActiveCfg = Debug|Any CPU
		{A3758AAA-016D-4AE7-A78D-A7A78A888A1E}.Debug|Any CPU.Build.0 = Debug|Any CPU
		{A3758AAA-016D-4AE7-A78D-A7A78A888A1E}.Release|Any CPU.ActiveCfg = Release|Any CPU
		{A3758AAA-016D-4AE7-A78D-A7A78A888A1E}.Release|Any CPU.Build.0 = Release|Any CPU
		{8B6321A7-AD65-457A-86E4-D408275C908E}.Debug|Any CPU.ActiveCfg = Debug|Any CPU
		{8B6321A7-AD65-457A-86E4-D408275C908E}.Debug|Any CPU.Build.0 = Debug|Any CPU
		{8B6321A7-AD65-457A-86E4-D408275C908E}.Release|Any CPU.ActiveCfg = Release|Any CPU
		{8B6321A7-AD65-457A-86E4-D408275C908E}.Release|Any CPU.Build.0 = Release|Any CPU
		{078AADC1-1E04-4108-A6E5-448E94CAAB09}.Debug|Any CPU.ActiveCfg = Debug|Any CPU
		{078AADC1-1E04-4108-A6E5-448E94CAAB09}.Debug|Any CPU.Build.0 = Debug|Any CPU
		{078AADC1-1E04-4108-A6E5-448E94CAAB09}.Release|Any CPU.ActiveCfg = Release|Any CPU
		{078AADC1-1E04-4108-A6E5-448E94CAAB09}.Release|Any CPU.Build.0 = Release|Any CPU
		{474A4111-572F-4A19-9775-05DB9CEC7B50}.Debug|Any CPU.ActiveCfg = Debug|Any CPU
		{474A4111-572F-4A19-9775-05DB9CEC7B50}.Debug|Any CPU.Build.0 = Debug|Any CPU
		{474A4111-572F-4A19-9775-05DB9CEC7B50}.Release|Any CPU.ActiveCfg = Release|Any CPU
		{474A4111-572F-4A19-9775-05DB9CEC7B50}.Release|Any CPU.Build.0 = Release|Any CPU
		{1CA95912-8729-4241-9514-F1765F106B7E}.Debug|Any CPU.ActiveCfg = Debug|Any CPU
		{1CA95912-8729-4241-9514-F1765F106B7E}.Debug|Any CPU.Build.0 = Debug|Any CPU
		{1CA95912-8729-4241-9514-F1765F106B7E}.Release|Any CPU.ActiveCfg = Release|Any CPU
		{1CA95912-8729-4241-9514-F1765F106B7E}.Release|Any CPU.Build.0 = Release|Any CPU
		{B7632818-D334-4256-B6B7-657CF980AE3D}.Debug|Any CPU.ActiveCfg = Debug|Any CPU
		{B7632818-D334-4256-B6B7-657CF980AE3D}.Debug|Any CPU.Build.0 = Debug|Any CPU
		{B7632818-D334-4256-B6B7-657CF980AE3D}.Release|Any CPU.ActiveCfg = Release|Any CPU
		{B7632818-D334-4256-B6B7-657CF980AE3D}.Release|Any CPU.Build.0 = Release|Any CPU
	EndGlobalSection
	GlobalSection(SolutionProperties) = preSolution
		HideSolutionNode = FALSE
	EndGlobalSection
EndGlobal
